
Microsoft Visual Studio Solution File, Format Version 12.00
# Visual Studio Version 17
VisualStudioVersion = 17.3.32804.467
MinimumVisualStudioVersion = 10.0.40219.1
Project("{FAE04EC0-301F-11D3-BF4B-00C04F79EFBC}") = "ClinicAlshifa", "ClincAlshifa\ClinicAlshifa.csproj", "{8EB269D6-5DF1-4BB4-BA30-3A91CD2FCB32}"
EndProject
Global
	GlobalSection(SolutionConfigurationPlatforms) = preSolution
		Debug|Any CPU = Debug|Any CPU
		Release|Any CPU = Release|Any CPU
	EndGlobalSection
	GlobalSection(ProjectConfigurationPlatforms) = postSolution
		{8EB269D6-5DF1-4BB4-BA30-3A91CD2FCB32}.Debug|Any CPU.ActiveCfg = Debug|Any CPU
		{8EB269D6-5DF1-4BB4-BA30-3A91CD2FCB32}.Debug|Any CPU.Build.0 = Debug|Any CPU
		{8EB269D6-5DF1-4BB4-BA30-3A91CD2FCB32}.Release|Any CPU.ActiveCfg = Release|Any CPU
		{8EB269D6-5DF1-4BB4-BA30-3A91CD2FCB32}.Release|Any CPU.Build.0 = Release|Any CPU
	EndGlobalSection
	GlobalSection(SolutionProperties) = preSolution
		HideSolutionNode = FALSE
	EndGlobalSection
	GlobalSection(ExtensibilityGlobals) = postSolution
		SolutionGuid = {16349C8D-C042-4F57-85D3-40A588CB3B1E}
	EndGlobalSection
EndGlobal
